// !$*UTF8*$!
{
	archiveVersion = 1;
	classes = {
	};
	objectVersion = 55;
	objects = {

/* Begin PBXBuildFile section */
		A9B4791727FEACF800A2757A /* AppDelegate.swift in Sources */ = {isa = PBXBuildFile; fileRef = A9B4791627FEACF800A2757A /* AppDelegate.swift */; };
		A9B4791927FEACF800A2757A /* SceneDelegate.swift in Sources */ = {isa = PBXBuildFile; fileRef = A9B4791827FEACF800A2757A /* SceneDelegate.swift */; };
		A9B4791B27FEACF800A2757A /* ViewController.swift in Sources */ = {isa = PBXBuildFile; fileRef = A9B4791A27FEACF800A2757A /* ViewController.swift */; };
		A9B4792027FEACFA00A2757A /* Assets.xcassets in Resources */ = {isa = PBXBuildFile; fileRef = A9B4791F27FEACFA00A2757A /* Assets.xcassets */; };
		A9B4792327FEACFA00A2757A /* LaunchScreen.storyboard in Resources */ = {isa = PBXBuildFile; fileRef = A9B4792127FEACFA00A2757A /* LaunchScreen.storyboard */; };
		A9B4793027FEB5D400A2757A /* ViewModel.swift in Sources */ = {isa = PBXBuildFile; fileRef = A9B4792F27FEB5D400A2757A /* ViewModel.swift */; };
		A9B4793227FEB5D900A2757A /* Model.swift in Sources */ = {isa = PBXBuildFile; fileRef = A9B4793127FEB5D900A2757A /* Model.swift */; };
		A9B4793427FEB5E300A2757A /* APIManager.swift in Sources */ = {isa = PBXBuildFile; fileRef = A9B4793327FEB5E300A2757A /* APIManager.swift */; };
/* End PBXBuildFile section */

/* Begin PBXFileReference section */
		A9B4791327FEACF800A2757A /* PhotosMVVM.app */ = {isa = PBXFileReference; explicitFileType = wrapper.application; includeInIndex = 0; path = PhotosMVVM.app; sourceTree = BUILT_PRODUCTS_DIR; };
		A9B4791627FEACF800A2757A /* AppDelegate.swift */ = {isa = PBXFileReference; lastKnownFileType = sourcecode.swift; path = AppDelegate.swift; sourceTree = "<group>"; };
		A9B4791827FEACF800A2757A /* SceneDelegate.swift */ = {isa = PBXFileReference; lastKnownFileType = sourcecode.swift; path = SceneDelegate.swift; sourceTree = "<group>"; };
		A9B4791A27FEACF800A2757A /* ViewController.swift */ = {isa = PBXFileReference; lastKnownFileType = sourcecode.swift; path = ViewController.swift; sourceTree = "<group>"; };
		A9B4791F27FEACFA00A2757A /* Assets.xcassets */ = {isa = PBXFileReference; lastKnownFileType = folder.assetcatalog; path = Assets.xcassets; sourceTree = "<group>"; };
		A9B4792227FEACFA00A2757A /* Base */ = {isa = PBXFileReference; lastKnownFileType = file.storyboard; name = Base; path = Base.lproj/LaunchScreen.storyboard; sourceTree = "<group>"; };
		A9B4792427FEACFA00A2757A /* Info.plist */ = {isa = PBXFileReference; lastKnownFileType = text.plist.xml; path = Info.plist; sourceTree = "<group>"; };
		A9B4792F27FEB5D400A2757A /* ViewModel.swift */ = {isa = PBXFileReference; lastKnownFileType = sourcecode.swift; path = ViewModel.swift; sourceTree = "<group>"; };
		A9B4793127FEB5D900A2757A /* Model.swift */ = {isa = PBXFileReference; lastKnownFileType = sourcecode.swift; path = Model.swift; sourceTree = "<group>"; };
		A9B4793327FEB5E300A2757A /* APIManager.swift */ = {isa = PBXFileReference; lastKnownFileType = sourcecode.swift; path = APIManager.swift; sourceTree = "<group>"; };
/* End PBXFileReference section */

/* Begin PBXFrameworksBuildPhase section */
		A9B4791027FEACF800A2757A /* Frameworks */ = {
			isa = PBXFrameworksBuildPhase;
			buildActionMask = 2147483647;
			files = (
			);
			runOnlyForDeploymentPostprocessing = 0;
		};
/* End PBXFrameworksBuildPhase section */

/* Begin PBXGroup section */
		A9B4790A27FEACF800A2757A = {
			isa = PBXGroup;
			children = (
				A9B4791527FEACF800A2757A /* PhotosMVVM */,
				A9B4791427FEACF800A2757A /* Products */,
			);
			sourceTree = "<group>";
		};
		A9B4791427FEACF800A2757A /* Products */ = {
			isa = PBXGroup;
			children = (
				A9B4791327FEACF800A2757A /* PhotosMVVM.app */,
			);
			name = Products;
			sourceTree = "<group>";
		};
		A9B4791527FEACF800A2757A /* PhotosMVVM */ = {
			isa = PBXGroup;
			children = (
				A9B4792E27FEB54E00A2757A /* Others */,
				A9B4792A27FEB4E000A2757A /* Service */,
				A9B4792D27FEB4F500A2757A /* View */,
				A9B4792C27FEB4EE00A2757A /* ViewModel */,
				A9B4792B27FEB4E900A2757A /* Model */,
				A9B4792427FEACFA00A2757A /* Info.plist */,
			);
			path = PhotosMVVM;
			sourceTree = "<group>";
		};
		A9B4792A27FEB4E000A2757A /* Service */ = {
			isa = PBXGroup;
			children = (
				A9B4793327FEB5E300A2757A /* APIManager.swift */,
			);
			path = Service;
			sourceTree = "<group>";
		};
		A9B4792B27FEB4E900A2757A /* Model */ = {
			isa = PBXGroup;
			children = (
				A9B4793127FEB5D900A2757A /* Model.swift */,
			);
			path = Model;
			sourceTree = "<group>";
		};
		A9B4792C27FEB4EE00A2757A /* ViewModel */ = {
			isa = PBXGroup;
			children = (
				A9B4792F27FEB5D400A2757A /* ViewModel.swift */,
			);
			path = ViewModel;
			sourceTree = "<group>";
		};
		A9B4792D27FEB4F500A2757A /* View */ = {
			isa = PBXGroup;
			children = (
				A9B4791A27FEACF800A2757A /* ViewController.swift */,
				A9B4792127FEACFA00A2757A /* LaunchScreen.storyboard */,
			);
			path = View;
			sourceTree = "<group>";
		};
		A9B4792E27FEB54E00A2757A /* Others */ = {
			isa = PBXGroup;
			children = (
				A9B4791627FEACF800A2757A /* AppDelegate.swift */,
				A9B4791827FEACF800A2757A /* SceneDelegate.swift */,
				A9B4791F27FEACFA00A2757A /* Assets.xcassets */,
			);
			path = Others;
			sourceTree = "<group>";
		};
/* End PBXGroup section */

/* Begin PBXNativeTarget section */
		A9B4791227FEACF800A2757A /* PhotosMVVM */ = {
			isa = PBXNativeTarget;
			buildConfigurationList = A9B4792727FEACFA00A2757A /* Build configuration list for PBXNativeTarget "PhotosMVVM" */;
			buildPhases = (
				A9B4790F27FEACF800A2757A /* Sources */,
				A9B4791027FEACF800A2757A /* Frameworks */,
				A9B4791127FEACF800A2757A /* Resources */,
			);
			buildRules = (
			);
			dependencies = (
			);
			name = PhotosMVVM;
			productName = PhotosMVVM;
			productReference = A9B4791327FEACF800A2757A /* PhotosMVVM.app */;
			productType = "com.apple.product-type.application";
		};
/* End PBXNativeTarget section */

/* Begin PBXProject section */
		A9B4790B27FEACF800A2757A /* Project object */ = {
			isa = PBXProject;
			attributes = {
				BuildIndependentTargetsInParallel = 1;
				LastSwiftUpdateCheck = 1320;
				LastUpgradeCheck = 1320;
				TargetAttributes = {
					A9B4791227FEACF800A2757A = {
						CreatedOnToolsVersion = 13.2.1;
					};
				};
			};
			buildConfigurationList = A9B4790E27FEACF800A2757A /* Build configuration list for PBXProject "PhotosMVVM" */;
			compatibilityVersion = "Xcode 13.0";
			developmentRegion = en;
			hasScannedForEncodings = 0;
			knownRegions = (
				en,
				Base,
			);
			mainGroup = A9B4790A27FEACF800A2757A;
			productRefGroup = A9B4791427FEACF800A2757A /* Products */;
			projectDirPath = "";
			projectRoot = "";
			targets = (
				A9B4791227FEACF800A2757A /* PhotosMVVM */,
			);
		};
/* End PBXProject section */

/* Begin PBXResourcesBuildPhase section */
		A9B4791127FEACF800A2757A /* Resources */ = {
			isa = PBXResourcesBuildPhase;
			buildActionMask = 2147483647;
			files = (
				A9B4792327FEACFA00A2757A /* LaunchScreen.storyboard in Resources */,
				A9B4792027FEACFA00A2757A /* Assets.xcassets in Resources */,
			);
			runOnlyForDeploymentPostprocessing = 0;
		};
/* End PBXResourcesBuildPhase section */

/* Begin PBXSourcesBuildPhase section */
		A9B4790F27FEACF800A2757A /* Sources */ = {
			isa = PBXSourcesBuildPhase;
			buildActionMask = 2147483647;
			files = (
				A9B4793427FEB5E300A2757A /* APIManager.swift in Sources */,
				A9B4793227FEB5D900A2757A /* Model.swift in Sources */,
				A9B4791B27FEACF800A2757A /* ViewController.swift in Sources */,
				A9B4791727FEACF800A2757A /* AppDelegate.swift in Sources */,
				A9B4793027FEB5D400A2757A /* ViewModel.swift in Sources */,
				A9B4791927FEACF800A2757A /* SceneDelegate.swift in Sources */,
			);
			runOnlyForDeploymentPostprocessing = 0;
		};
/* End PBXSourcesBuildPhase section */

/* Begin PBXVariantGroup section */
		A9B4792127FEACFA00A2757A /* LaunchScreen.storyboard */ = {
			isa = PBXVariantGroup;
			children = (
				A9B4792227FEACFA00A2757A /* Base */,
			);
			name = LaunchScreen.storyboard;
			sourceTree = "<group>";
		};
/* End PBXVariantGroup section */

/* Begin XCBuildConfiguration section */
		A9B4792527FEACFA00A2757A /* Debug */ = {
			isa = XCBuildConfiguration;
			buildSettings = {
				ALWAYS_SEARCH_USER_PATHS = NO;
				CLANG_ANALYZER_NONNULL = YES;
				CLANG_ANALYZER_NUMBER_OBJECT_CONVERSION = YES_AGGRESSIVE;
				CLANG_CXX_LANGUAGE_STANDARD = "gnu++17";
				CLANG_CXX_LIBRARY = "libc++";
				CLANG_ENABLE_MODULES = YES;
				CLANG_ENABLE_OBJC_ARC = YES;
				CLANG_ENABLE_OBJC_WEAK = YES;
				CLANG_WARN_BLOCK_CAPTURE_AUTORELEASING = YES;
				CLANG_WARN_BOOL_CONVERSION = YES;
				CLANG_WARN_COMMA = YES;
				CLANG_WARN_CONSTANT_CONVERSION = YES;
				CLANG_WARN_DEPRECATED_OBJC_IMPLEMENTATIONS = YES;
				CLANG_WARN_DIRECT_OBJC_ISA_USAGE = YES_ERROR;
				CLANG_WARN_DOCUMENTATION_COMMENTS = YES;
				CLANG_WARN_EMPTY_BODY = YES;
				CLANG_WARN_ENUM_CONVERSION = YES;
				CLANG_WARN_INFINITE_RECURSION = YES;
				CLANG_WARN_INT_CONVERSION = YES;
				CLANG_WARN_NON_LITERAL_NULL_CONVERSION = YES;
				CLANG_WARN_OBJC_IMPLICIT_RETAIN_SELF = YES;
				CLANG_WARN_OBJC_LITERAL_CONVERSION = YES;
				CLANG_WARN_OBJC_ROOT_CLASS = YES_ERROR;
				CLANG_WARN_QUOTED_INCLUDE_IN_FRAMEWORK_HEADER = YES;
				CLANG_WARN_RANGE_LOOP_ANALYSIS = YES;
				CLANG_WARN_STRICT_PROTOTYPES = YES;
				CLANG_WARN_SUSPICIOUS_MOVE = YES;
				CLANG_WARN_UNGUARDED_AVAILABILITY = YES_AGGRESSIVE;
				CLANG_WARN_UNREACHABLE_CODE = YES;
				CLANG_WARN__DUPLICATE_METHOD_MATCH = YES;
				COPY_PHASE_STRIP = NO;
				DEBUG_INFORMATION_FORMAT = dwarf;
				ENABLE_STRICT_OBJC_MSGSEND = YES;
				ENABLE_TESTABILITY = YES;
				GCC_C_LANGUAGE_STANDARD = gnu11;
				GCC_DYNAMIC_NO_PIC = NO;
				GCC_NO_COMMON_BLOCKS = YES;
				GCC_OPTIMIZATION_LEVEL = 0;
				GCC_PREPROCESSOR_DEFINITIONS = (
					"DEBUG=1",
					"$(inherited)",
				);
				GCC_WARN_64_TO_32_BIT_CONVERSION = YES;
				GCC_WARN_ABOUT_RETURN_TYPE = YES_ERROR;
				GCC_WARN_UNDECLARED_SELECTOR = YES;
				GCC_WARN_UNINITIALIZED_AUTOS = YES_AGGRESSIVE;
				GCC_WARN_UNUSED_FUNCTION = YES;
				GCC_WARN_UNUSED_VARIABLE = YES;
				IPHONEOS_DEPLOYMENT_TARGET = 15.2;
				MTL_ENABLE_DEBUG_INFO = INCLUDE_SOURCE;
				MTL_FAST_MATH = YES;
				ONLY_ACTIVE_ARCH = YES;
				SDKROOT = iphoneos;
				SWIFT_ACTIVE_COMPILATION_CONDITIONS = DEBUG;
				SWIFT_OPTIMIZATION_LEVEL = "-Onone";
			};
			name = Debug;
		};
		A9B4792627FEACFA00A2757A /* Release */ = {
			isa = XCBuildConfiguration;
			buildSettings = {
				ALWAYS_SEARCH_USER_PATHS = NO;
				CLANG_ANALYZER_NONNULL = YES;
				CLANG_ANALYZER_NUMBER_OBJECT_CONVERSION = YES_AGGRESSIVE;
				CLANG_CXX_LANGUAGE_STANDARD = "gnu++17";
				CLANG_CXX_LIBRARY = "libc++";
				CLANG_ENABLE_MODULES = YES;
				CLANG_ENABLE_OBJC_ARC = YES;
				CLANG_ENABLE_OBJC_WEAK = YES;
				CLANG_WARN_BLOCK_CAPTURE_AUTORELEASING = YES;
				CLANG_WARN_BOOL_CONVERSION = YES;
				CLANG_WARN_COMMA = YES;
				CLANG_WARN_CONSTANT_CONVERSION = YES;
				CLANG_WARN_DEPRECATED_OBJC_IMPLEMENTATIONS = YES;
				CLANG_WARN_DIRECT_OBJC_ISA_USAGE = YES_ERROR;
				CLANG_WARN_DOCUMENTATION_COMMENTS = YES;
				CLANG_WARN_EMPTY_BODY = YES;
				CLANG_WARN_ENUM_CONVERSION = YES;
				CLANG_WARN_INFINITE_RECURSION = YES;
				CLANG_WARN_INT_CONVERSION = YES;
				CLANG_WARN_NON_LITERAL_NULL_CONVERSION = YES;
				CLANG_WARN_OBJC_IMPLICIT_RETAIN_SELF = YES;
				CLANG_WARN_OBJC_LITERAL_CONVERSION = YES;
				CLANG_WARN_OBJC_ROOT_CLASS = YES_ERROR;
				CLANG_WARN_QUOTED_INCLUDE_IN_FRAMEWORK_HEADER = YES;
				CLANG_WARN_RANGE_LOOP_ANALYSIS = YES;
				CLANG_WARN_STRICT_PROTOTYPES = YES;
				CLANG_WARN_SUSPICIOUS_MOVE = YES;
				CLANG_WARN_UNGUARDED_AVAILABILITY = YES_AGGRESSIVE;
				CLANG_WARN_UNREACHABLE_CODE = YES;
				CLANG_WARN__DUPLICATE_METHOD_MATCH = YES;
				COPY_PHASE_STRIP = NO;
				DEBUG_INFORMATION_FORMAT = "dwarf-with-dsym";
				ENABLE_NS_ASSERTIONS = NO;
				ENABLE_STRICT_OBJC_MSGSEND = YES;
				GCC_C_LANGUAGE_STANDARD = gnu11;
				GCC_NO_COMMON_BLOCKS = YES;
				GCC_WARN_64_TO_32_BIT_CONVERSION = YES;
				GCC_WARN_ABOUT_RETURN_TYPE = YES_ERROR;
				GCC_WARN_UNDECLARED_SELECTOR = YES;
				GCC_WARN_UNINITIALIZED_AUTOS = YES_AGGRESSIVE;
				GCC_WARN_UNUSED_FUNCTION = YES;
				GCC_WARN_UNUSED_VARIABLE = YES;
				IPHONEOS_DEPLOYMENT_TARGET = 15.2;
				MTL_ENABLE_DEBUG_INFO = NO;
				MTL_FAST_MATH = YES;
				SDKROOT = iphoneos;
				SWIFT_COMPILATION_MODE = wholemodule;
				SWIFT_OPTIMIZATION_LEVEL = "-O";
				VALIDATE_PRODUCT = YES;
			};
			name = Release;
		};
		A9B4792827FEACFA00A2757A /* Debug */ = {
			isa = XCBuildConfiguration;
			buildSettings = {
				ASSETCATALOG_COMPILER_APPICON_NAME = AppIcon;
				ASSETCATALOG_COMPILER_GLOBAL_ACCENT_COLOR_NAME = AccentColor;
				CODE_SIGN_STYLE = Automatic;
				CURRENT_PROJECT_VERSION = 1;
				DEVELOPMENT_TEAM = J2BXCFFMKP;
				GENERATE_INFOPLIST_FILE = YES;
				INFOPLIST_FILE = PhotosMVVM/Info.plist;
				INFOPLIST_KEY_UIApplicationSupportsIndirectInputEvents = YES;
				INFOPLIST_KEY_UILaunchStoryboardName = LaunchScreen;
				INFOPLIST_KEY_UISupportedInterfaceOrientations_iPad = "UIInterfaceOrientationPortrait UIInterfaceOrientationPortraitUpsideDown UIInterfaceOrientationLandscapeLeft UIInterfaceOrientationLandscapeRight";
				INFOPLIST_KEY_UISupportedInterfaceOrientations_iPhone = "UIInterfaceOrientationPortrait UIInterfaceOrientationLandscapeLeft UIInterfaceOrientationLandscapeRight";
				IPHONEOS_DEPLOYMENT_TARGET = 15.0;
				LD_RUNPATH_SEARCH_PATHS = (
					"$(inherited)",
					"@executable_path/Frameworks",
				);
				MARKETING_VERSION = 1.0;
				PRODUCT_BUNDLE_IDENTIFIER = com.headingtodev.PhotosMVVM;
				PRODUCT_NAME = "$(TARGET_NAME)";
				SWIFT_EMIT_LOC_STRINGS = YES;
				SWIFT_VERSION = 5.0;
				TARGETED_DEVICE_FAMILY = 1;
			};
			name = Debug;
		};
		A9B4792927FEACFA00A2757A /* Release */ = {
			isa = XCBuildConfiguration;
			buildSettings = {
				ASSETCATALOG_COMPILER_APPICON_NAME = AppIcon;
				ASSETCATALOG_COMPILER_GLOBAL_ACCENT_COLOR_NAME = AccentColor;
				CODE_SIGN_STYLE = Automatic;
				CURRENT_PROJECT_VERSION = 1;
				DEVELOPMENT_TEAM = J2BXCFFMKP;
				GENERATE_INFOPLIST_FILE = YES;
				INFOPLIST_FILE = PhotosMVVM/Info.plist;
				INFOPLIST_KEY_UIApplicationSupportsIndirectInputEvents = YES;
				INFOPLIST_KEY_UILaunchStoryboardName = LaunchScreen;
				INFOPLIST_KEY_UISupportedInterfaceOrientations_iPad = "UIInterfaceOrientationPortrait UIInterfaceOrientationPortraitUpsideDown UIInterfaceOrientationLandscapeLeft UIInterfaceOrientationLandscapeRight";
				INFOPLIST_KEY_UISupportedInterfaceOrientations_iPhone = "UIInterfaceOrientationPortrait UIInterfaceOrientationLandscapeLeft UIInterfaceOrientationLandscapeRight";
				IPHONEOS_DEPLOYMENT_TARGET = 15.0;
				LD_RUNPATH_SEARCH_PATHS = (
					"$(inherited)",
					"@executable_path/Frameworks",
				);
				MARKETING_VERSION = 1.0;
				PRODUCT_BUNDLE_IDENTIFIER = com.headingtodev.PhotosMVVM;
				PRODUCT_NAME = "$(TARGET_NAME)";
				SWIFT_EMIT_LOC_STRINGS = YES;
				SWIFT_VERSION = 5.0;
				TARGETED_DEVICE_FAMILY = 1;
			};
			name = Release;
		};
/* End XCBuildConfiguration section */

/* Begin XCConfigurationList section */
		A9B4790E27FEACF800A2757A /* Build configuration list for PBXProject "PhotosMVVM" */ = {
			isa = XCConfigurationList;
			buildConfigurations = (
				A9B4792527FEACFA00A2757A /* Debug */,
				A9B4792627FEACFA00A2757A /* Release */,
			);
			defaultConfigurationIsVisible = 0;
			defaultConfigurationName = Release;
		};
		A9B4792727FEACFA00A2757A /* Build configuration list for PBXNativeTarget "PhotosMVVM" */ = {
			isa = XCConfigurationList;
			buildConfigurations = (
				A9B4792827FEACFA00A2757A /* Debug */,
				A9B4792927FEACFA00A2757A /* Release */,
			);
			defaultConfigurationIsVisible = 0;
			defaultConfigurationName = Release;
		};
/* End XCConfigurationList section */
	};
	rootObject = A9B4790B27FEACF800A2757A /* Project object */;
}
